
Microsoft Visual Studio Solution File, Format Version 12.00
# Visual Studio Version 17
VisualStudioVersion = 17.12.35728.132
MinimumVisualStudioVersion = 10.0.40219.1
Project("{FAE04EC0-301F-11D3-BF4B-00C04F79EFBC}") = "KitaplıkTest", "KitaplıkTest.csproj", "{536AB9F1-BC03-48D1-B776-55A04197BE55}"
EndProject
Global
	GlobalSection(SolutionConfigurationPlatforms) = preSolution
		Debug|Any CPU = Debug|Any CPU
		Debug|x86 = Debug|x86
		Release|Any CPU = Release|Any CPU
		Release|x86 = Release|x86
	EndGlobalSection
	GlobalSection(ProjectConfigurationPlatforms) = postSolution
		{536AB9F1-BC03-48D1-B776-55A04197BE55}.Debug|Any CPU.ActiveCfg = Debug|Any CPU
		{536AB9F1-BC03-48D1-B776-55A04197BE55}.Debug|x86.ActiveCfg = Debug|Any CPU
		{536AB9F1-BC03-48D1-B776-55A04197BE55}.Debug|x86.Build.0 = Debug|Any CPU
		{536AB9F1-BC03-48D1-B776-55A04197BE55}.Release|Any CPU.ActiveCfg = Release|Any CPU
		{536AB9F1-BC03-48D1-B776-55A04197BE55}.Release|Any CPU.Build.0 = Release|Any CPU
		{536AB9F1-BC03-48D1-B776-55A04197BE55}.Release|x86.ActiveCfg = Release|Any CPU
	EndGlobalSection
	GlobalSection(SolutionProperties) = preSolution
		HideSolutionNode = FALSE
	EndGlobalSection
	GlobalSection(ExtensibilityGlobals) = postSolution
		SolutionGuid = {E41B7E98-4A2E-4A6A-895B-D1B95EFA521C}
	EndGlobalSection
EndGlobal
